
Microsoft Visual Studio Solution File, Format Version 12.00
# Visual Studio Version 17
VisualStudioVersion = 17.3.32929.385
MinimumVisualStudioVersion = 10.0.40219.1
Project("{FAE04EC0-301F-11D3-BF4B-00C04F79EFBC}") = "PrivateChattingBot", "PrivateChattingBot.csproj", "{FF22DF07-F302-4977-9F45-78D4C3B124EE}"
EndProject
Global
	GlobalSection(SolutionConfigurationPlatforms) = preSolution
		Debug|Any CPU = Debug|Any CPU
		Release|Any CPU = Release|Any CPU
	EndGlobalSection
	GlobalSection(ProjectConfigurationPlatforms) = postSolution
		{FF22DF07-F302-4977-9F45-78D4C3B124EE}.Debug|Any CPU.ActiveCfg = Debug|Any CPU
		{FF22DF07-F302-4977-9F45-78D4C3B124EE}.Debug|Any CPU.Build.0 = Debug|Any CPU
		{FF22DF07-F302-4977-9F45-78D4C3B124EE}.Release|Any CPU.ActiveCfg = Release|Any CPU
		{FF22DF07-F302-4977-9F45-78D4C3B124EE}.Release|Any CPU.Build.0 = Release|Any CPU
	EndGlobalSection
	GlobalSection(SolutionProperties) = preSolution
		HideSolutionNode = FALSE
	EndGlobalSection
	GlobalSection(ExtensibilityGlobals) = postSolution
		SolutionGuid = {34B47BC7-D302-4AD7-B008-8BF26A115012}
	EndGlobalSection
EndGlobal
